
Microsoft Visual Studio Solution File, Format Version 12.00
# Visual Studio 15
VisualStudioVersion = 15.0.28010.2048
MinimumVisualStudioVersion = 10.0.40219.1
Project("{FAE04EC0-301F-11D3-BF4B-00C04F79EFBC}") = "31.3.19h.w", "31.3.19h.w\31.3.19h.w.csproj", "{0CEFB34B-2A72-4889-A8D0-73F75A06EF80}"
EndProject
Global
	GlobalSection(SolutionConfigurationPlatforms) = preSolution
		Debug|Any CPU = Debug|Any CPU
		Release|Any CPU = Release|Any CPU
	EndGlobalSection
	GlobalSection(ProjectConfigurationPlatforms) = postSolution
		{0CEFB34B-2A72-4889-A8D0-73F75A06EF80}.Debug|Any CPU.ActiveCfg = Debug|Any CPU
		{0CEFB34B-2A72-4889-A8D0-73F75A06EF80}.Debug|Any CPU.Build.0 = Debug|Any CPU
		{0CEFB34B-2A72-4889-A8D0-73F75A06EF80}.Release|Any CPU.ActiveCfg = Release|Any CPU
		{0CEFB34B-2A72-4889-A8D0-73F75A06EF80}.Release|Any CPU.Build.0 = Release|Any CPU
	EndGlobalSection
	GlobalSection(SolutionProperties) = preSolution
		HideSolutionNode = FALSE
	EndGlobalSection
	GlobalSection(ExtensibilityGlobals) = postSolution
		SolutionGuid = {901DD983-E1AA-48C4-8B32-5FD6AE1278E7}
	EndGlobalSection
EndGlobal
